
Microsoft Visual Studio Solution File, Format Version 12.00
# Visual Studio 14
VisualStudioVersion = 14.0.25420.1
MinimumVisualStudioVersion = 10.0.40219.1
Project("{FAE04EC0-301F-11D3-BF4B-00C04F79EFBC}") = "ExamAssessmentWebAPI", "ExamAssessmentWebAPI\ExamAssessmentWebAPI.csproj", "{55E35B7E-D995-4346-8306-D0324DEA06B7}"
EndProject
Project("{FAE04EC0-301F-11D3-BF4B-00C04F79EFBC}") = "ExamAssessmentWebAPIUnitTests", "ExamAssessmentWebAPIUnitTests\ExamAssessmentWebAPIUnitTests.csproj", "{96583442-4A40-4B21-8719-AA92A4E259D8}"
EndProject
Global
	GlobalSection(SolutionConfigurationPlatforms) = preSolution
		Debug|Any CPU = Debug|Any CPU
		Release|Any CPU = Release|Any CPU
	EndGlobalSection
	GlobalSection(ProjectConfigurationPlatforms) = postSolution
		{55E35B7E-D995-4346-8306-D0324DEA06B7}.Debug|Any CPU.ActiveCfg = Debug|Any CPU
		{55E35B7E-D995-4346-8306-D0324DEA06B7}.Debug|Any CPU.Build.0 = Debug|Any CPU
		{55E35B7E-D995-4346-8306-D0324DEA06B7}.Release|Any CPU.ActiveCfg = Release|Any CPU
		{55E35B7E-D995-4346-8306-D0324DEA06B7}.Release|Any CPU.Build.0 = Release|Any CPU
		{96583442-4A40-4B21-8719-AA92A4E259D8}.Debug|Any CPU.ActiveCfg = Debug|Any CPU
		{96583442-4A40-4B21-8719-AA92A4E259D8}.Debug|Any CPU.Build.0 = Debug|Any CPU
		{96583442-4A40-4B21-8719-AA92A4E259D8}.Release|Any CPU.ActiveCfg = Release|Any CPU
		{96583442-4A40-4B21-8719-AA92A4E259D8}.Release|Any CPU.Build.0 = Release|Any CPU
	EndGlobalSection
	GlobalSection(SolutionProperties) = preSolution
		HideSolutionNode = FALSE
	EndGlobalSection
EndGlobal
